<?xml version="1.0" encoding="utf-8"?>
<Project ToolsVersion="4.0" xmlns="http://schemas.microsoft.com/developer/msbuild/2003">
  <ItemGroup>
    <Filter Include="src">
      <UniqueIdentifier>{edfabd4a-3eb4-447a-b18b-be55cd46a64e}</UniqueIdentifier>
    </Filter>
    <Filter Include="src\ofxTSP">
      <UniqueIdentifier>{ab4c98db-9ec6-443e-8ad9-30945cc95579}</UniqueIdentifier>
    </Filter>
  </ItemGroup>
  <ItemGroup>
    <ClInclude Include="..\src\ofxTSP.h">
      <Filter>src</Filter>
    </ClInclude>
    <ClInclude Include="..\src\ofxTSP\BruteForce.h">
      <Filter>src\ofxTSP</Filter>
    </ClInclude>
    <ClInclude Include="..\src\ofxTSP\Journey.h">
      <Filter>src\ofxTSP</Filter>
    </ClInclude>
    <ClInclude Include="..\src\ofxTSP\Problem.h">
      <Filter>src\ofxTSP</Filter>
    </ClInclude>
    <ClInclude Include="..\src\ofxTSP\Solver.h">
      <Filter>src\ofxTSP</Filter>
    </ClInclude>
    <ClInclude Include="..\src\ofxTSP\RouteFind.h">
      <Filter>src\ofxTSP</Filter>
    </ClInclude>
    <ClInclude Include="..\src\ofxTSP\Route.h">
      <Filter>src\ofxTSP</Filter>
    </ClInclude>
  </ItemGroup>
  <ItemGroup>
    <ClCompile Include="..\src\ofxTSP\BruteForce.cpp">
      <Filter>src\ofxTSP</Filter>
    </ClCompile>
    <ClCompile Include="..\src\ofxTSP\Journey.cpp">
      <Filter>src\ofxTSP</Filter>
    </ClCompile>
    <ClCompile Include="..\src\ofxTSP\Problem.cpp">
      <Filter>src\ofxTSP</Filter>
    </ClCompile>
    <ClCompile Include="..\src\ofxTSP\RouteFind.cpp">
      <Filter>src\ofxTSP</Filter>
    </ClCompile>
    <ClCompile Include="..\src\ofxTSP\Route.cpp">
      <Filter>src\ofxTSP</Filter>
    </ClCompile>
  </ItemGroup>
</Project>